
Microsoft Visual Studio Solution File, Format Version 12.00
# Visual Studio Version 17
VisualStudioVersion = 17.14.36414.22
MinimumVisualStudioVersion = 10.0.40219.1
Project("{FAE04EC0-301F-11D3-BF4B-00C04F79EFBC}") = "RobotDashboard", "RobotDashboard.csproj", "{38BE03D4-816C-4F85-B217-F4101DF17E4B}"
EndProject
Global
	GlobalSection(SolutionConfigurationPlatforms) = preSolution
		Debug|Any CPU = Debug|Any CPU
		Release|Any CPU = Release|Any CPU
	EndGlobalSection
	GlobalSection(ProjectConfigurationPlatforms) = postSolution
		{38BE03D4-816C-4F85-B217-F4101DF17E4B}.Debug|Any CPU.ActiveCfg = Debug|Any CPU
		{38BE03D4-816C-4F85-B217-F4101DF17E4B}.Debug|Any CPU.Build.0 = Debug|Any CPU
		{38BE03D4-816C-4F85-B217-F4101DF17E4B}.Release|Any CPU.ActiveCfg = Release|Any CPU
		{38BE03D4-816C-4F85-B217-F4101DF17E4B}.Release|Any CPU.Build.0 = Release|Any CPU
	EndGlobalSection
	GlobalSection(SolutionProperties) = preSolution
		HideSolutionNode = FALSE
	EndGlobalSection
	GlobalSection(ExtensibilityGlobals) = postSolution
		SolutionGuid = {325125DA-C13A-4918-B38B-266EC622C0C7}
	EndGlobalSection
EndGlobal
